
Microsoft Visual Studio Solution File, Format Version 12.00
# Visual Studio Version 16
VisualStudioVersion = 16.0.30128.74
MinimumVisualStudioVersion = 10.0.40219.1
Project("{FAE04EC0-301F-11D3-BF4B-00C04F79EFBC}") = "StrongholdFinder", "StrongholdFinder.csproj", "{70D788F9-4625-4281-A120-1159B88972A4}"
EndProject
Global
	GlobalSection(SolutionConfigurationPlatforms) = preSolution
		Debug|Any CPU = Debug|Any CPU
		Release|Any CPU = Release|Any CPU
	EndGlobalSection
	GlobalSection(ProjectConfigurationPlatforms) = postSolution
		{70D788F9-4625-4281-A120-1159B88972A4}.Debug|Any CPU.ActiveCfg = Debug|Any CPU
		{70D788F9-4625-4281-A120-1159B88972A4}.Debug|Any CPU.Build.0 = Debug|Any CPU
		{70D788F9-4625-4281-A120-1159B88972A4}.Release|Any CPU.ActiveCfg = Release|Any CPU
		{70D788F9-4625-4281-A120-1159B88972A4}.Release|Any CPU.Build.0 = Release|Any CPU
	EndGlobalSection
	GlobalSection(SolutionProperties) = preSolution
		HideSolutionNode = FALSE
	EndGlobalSection
	GlobalSection(ExtensibilityGlobals) = postSolution
		SolutionGuid = {68C26487-AFA4-4800-BD10-01624C51C72E}
	EndGlobalSection
EndGlobal
